
Microsoft Visual Studio Solution File, Format Version 12.00
# Visual Studio Version 16
VisualStudioVersion = 16.0.31112.23
MinimumVisualStudioVersion = 10.0.40219.1
Project("{FAE04EC0-301F-11D3-BF4B-00C04F79EFBC}") = "Bonus Exercises", "Bonus Exercises\Bonus Exercises.csproj", "{1734F137-B105-461F-A1F3-1D27D4FA787F}"
EndProject
Global
	GlobalSection(SolutionConfigurationPlatforms) = preSolution
		Debug|Any CPU = Debug|Any CPU
		Release|Any CPU = Release|Any CPU
	EndGlobalSection
	GlobalSection(ProjectConfigurationPlatforms) = postSolution
		{1734F137-B105-461F-A1F3-1D27D4FA787F}.Debug|Any CPU.ActiveCfg = Debug|Any CPU
		{1734F137-B105-461F-A1F3-1D27D4FA787F}.Debug|Any CPU.Build.0 = Debug|Any CPU
		{1734F137-B105-461F-A1F3-1D27D4FA787F}.Release|Any CPU.ActiveCfg = Release|Any CPU
		{1734F137-B105-461F-A1F3-1D27D4FA787F}.Release|Any CPU.Build.0 = Release|Any CPU
	EndGlobalSection
	GlobalSection(SolutionProperties) = preSolution
		HideSolutionNode = FALSE
	EndGlobalSection
	GlobalSection(ExtensibilityGlobals) = postSolution
		SolutionGuid = {832C8DDB-7E46-48B4-BD8B-CC5B90F2123B}
	EndGlobalSection
EndGlobal
