
Microsoft Visual Studio Solution File, Format Version 12.00
# Visual Studio Version 16
VisualStudioVersion = 16.0.31112.23
MinimumVisualStudioVersion = 10.0.40219.1
Project("{9A19103F-16F7-4668-BE54-9A1E7A4F7556}") = "MovieStoreApp", "MovieStoreApp\MovieStoreApp.csproj", "{7EED303B-2456-47C9-A9AD-15A9B3B21DF6}"
EndProject
Project("{9A19103F-16F7-4668-BE54-9A1E7A4F7556}") = "MovieStoreClassLibrary", "MovieStoreClassLibrary\MovieStoreClassLibrary.csproj", "{83D53374-10E7-427B-80B8-4BBE99ABE905}"
EndProject
Project("{9A19103F-16F7-4668-BE54-9A1E7A4F7556}") = "MovieStoreServices", "MovieStoreServices\MovieStoreServices.csproj", "{201CE412-719F-4F65-979C-9DD2546BD54C}"
EndProject
Global
	GlobalSection(SolutionConfigurationPlatforms) = preSolution
		Debug|Any CPU = Debug|Any CPU
		Release|Any CPU = Release|Any CPU
	EndGlobalSection
	GlobalSection(ProjectConfigurationPlatforms) = postSolution
		{7EED303B-2456-47C9-A9AD-15A9B3B21DF6}.Debug|Any CPU.ActiveCfg = Debug|Any CPU
		{7EED303B-2456-47C9-A9AD-15A9B3B21DF6}.Debug|Any CPU.Build.0 = Debug|Any CPU
		{7EED303B-2456-47C9-A9AD-15A9B3B21DF6}.Release|Any CPU.ActiveCfg = Release|Any CPU
		{7EED303B-2456-47C9-A9AD-15A9B3B21DF6}.Release|Any CPU.Build.0 = Release|Any CPU
		{83D53374-10E7-427B-80B8-4BBE99ABE905}.Debug|Any CPU.ActiveCfg = Debug|Any CPU
		{83D53374-10E7-427B-80B8-4BBE99ABE905}.Debug|Any CPU.Build.0 = Debug|Any CPU
		{83D53374-10E7-427B-80B8-4BBE99ABE905}.Release|Any CPU.ActiveCfg = Release|Any CPU
		{83D53374-10E7-427B-80B8-4BBE99ABE905}.Release|Any CPU.Build.0 = Release|Any CPU
		{201CE412-719F-4F65-979C-9DD2546BD54C}.Debug|Any CPU.ActiveCfg = Debug|Any CPU
		{201CE412-719F-4F65-979C-9DD2546BD54C}.Debug|Any CPU.Build.0 = Debug|Any CPU
		{201CE412-719F-4F65-979C-9DD2546BD54C}.Release|Any CPU.ActiveCfg = Release|Any CPU
		{201CE412-719F-4F65-979C-9DD2546BD54C}.Release|Any CPU.Build.0 = Release|Any CPU
	EndGlobalSection
	GlobalSection(SolutionProperties) = preSolution
		HideSolutionNode = FALSE
	EndGlobalSection
	GlobalSection(ExtensibilityGlobals) = postSolution
		SolutionGuid = {E936625F-2579-442B-A116-854DEC7EFF3B}
	EndGlobalSection
EndGlobal
